
Microsoft Visual Studio Solution File, Format Version 12.00
# Visual Studio Version 17
VisualStudioVersion = 17.11.35327.3
MinimumVisualStudioVersion = 10.0.40219.1
Project("{FAE04EC0-301F-11D3-BF4B-00C04F79EFBC}") = "PropertiesAPI", "PropertiesAPI\PropertiesAPI.csproj", "{115E7A7B-4F3C-487D-A920-75C2FE66CA6E}"
EndProject
Project("{FAE04EC0-301F-11D3-BF4B-00C04F79EFBC}") = "Property.Unit.Test", "Property.Unit.Test\Property.Unit.Test.csproj", "{917C6B1D-39B0-4B6E-907D-7249080FAFF0}"
EndProject
Project("{FAE04EC0-301F-11D3-BF4B-00C04F79EFBC}") = "Repository", "Repository\Repository.csproj", "{A685F1E5-8F01-43EB-8F0D-0875B3259134}"
EndProject
Project("{FAE04EC0-301F-11D3-BF4B-00C04F79EFBC}") = "Models", "Models\Models.csproj", "{A31155EC-FD74-4264-8615-12266057336D}"
EndProject
Global
	GlobalSection(SolutionConfigurationPlatforms) = preSolution
		Debug|Any CPU = Debug|Any CPU
		Release|Any CPU = Release|Any CPU
	EndGlobalSection
	GlobalSection(ProjectConfigurationPlatforms) = postSolution
		{115E7A7B-4F3C-487D-A920-75C2FE66CA6E}.Debug|Any CPU.ActiveCfg = Debug|Any CPU
		{115E7A7B-4F3C-487D-A920-75C2FE66CA6E}.Debug|Any CPU.Build.0 = Debug|Any CPU
		{115E7A7B-4F3C-487D-A920-75C2FE66CA6E}.Release|Any CPU.ActiveCfg = Release|Any CPU
		{115E7A7B-4F3C-487D-A920-75C2FE66CA6E}.Release|Any CPU.Build.0 = Release|Any CPU
		{917C6B1D-39B0-4B6E-907D-7249080FAFF0}.Debug|Any CPU.ActiveCfg = Debug|Any CPU
		{917C6B1D-39B0-4B6E-907D-7249080FAFF0}.Debug|Any CPU.Build.0 = Debug|Any CPU
		{917C6B1D-39B0-4B6E-907D-7249080FAFF0}.Release|Any CPU.ActiveCfg = Release|Any CPU
		{917C6B1D-39B0-4B6E-907D-7249080FAFF0}.Release|Any CPU.Build.0 = Release|Any CPU
		{A685F1E5-8F01-43EB-8F0D-0875B3259134}.Debug|Any CPU.ActiveCfg = Debug|Any CPU
		{A685F1E5-8F01-43EB-8F0D-0875B3259134}.Debug|Any CPU.Build.0 = Debug|Any CPU
		{A685F1E5-8F01-43EB-8F0D-0875B3259134}.Release|Any CPU.ActiveCfg = Release|Any CPU
		{A685F1E5-8F01-43EB-8F0D-0875B3259134}.Release|Any CPU.Build.0 = Release|Any CPU
		{A31155EC-FD74-4264-8615-12266057336D}.Debug|Any CPU.ActiveCfg = Debug|Any CPU
		{A31155EC-FD74-4264-8615-12266057336D}.Debug|Any CPU.Build.0 = Debug|Any CPU
		{A31155EC-FD74-4264-8615-12266057336D}.Release|Any CPU.ActiveCfg = Release|Any CPU
		{A31155EC-FD74-4264-8615-12266057336D}.Release|Any CPU.Build.0 = Release|Any CPU
	EndGlobalSection
	GlobalSection(SolutionProperties) = preSolution
		HideSolutionNode = FALSE
	EndGlobalSection
	GlobalSection(ExtensibilityGlobals) = postSolution
		SolutionGuid = {0F61500C-1E7E-4458-8840-A3D78AC38886}
	EndGlobalSection
EndGlobal
